
Microsoft Visual Studio Solution File, Format Version 12.00
# Visual Studio 15
VisualStudioVersion = 15.0.27130.2010
MinimumVisualStudioVersion = 10.0.40219.1
Project("{9092AA53-FB77-4645-B42D-1CCCA6BD08BD}") = "RxjsApp", "RxjsApp\RxjsApp.njsproj", "{A46AEBD5-4DE0-4A22-8895-44DE831E4A6B}"
EndProject
Global
	GlobalSection(SolutionConfigurationPlatforms) = preSolution
		Debug|Any CPU = Debug|Any CPU
		Release|Any CPU = Release|Any CPU
	EndGlobalSection
	GlobalSection(ProjectConfigurationPlatforms) = postSolution
		{A46AEBD5-4DE0-4A22-8895-44DE831E4A6B}.Debug|Any CPU.ActiveCfg = Debug|Any CPU
		{A46AEBD5-4DE0-4A22-8895-44DE831E4A6B}.Debug|Any CPU.Build.0 = Debug|Any CPU
		{A46AEBD5-4DE0-4A22-8895-44DE831E4A6B}.Release|Any CPU.ActiveCfg = Release|Any CPU
		{A46AEBD5-4DE0-4A22-8895-44DE831E4A6B}.Release|Any CPU.Build.0 = Release|Any CPU
	EndGlobalSection
	GlobalSection(SolutionProperties) = preSolution
		HideSolutionNode = FALSE
	EndGlobalSection
	GlobalSection(ExtensibilityGlobals) = postSolution
		SolutionGuid = {6B06D722-A25F-4F32-85B9-22A14B883CE3}
	EndGlobalSection
EndGlobal
