{
  "name": "rxjs-app",
  "version": "0.0.0",
  "lockfileVersion": 1,
  "requires": true,
  "dependencies": {
    "@types/lodash": {
      "version": "4.14.92",
      "resolved": "http://registry.npm.taobao.org/@types/lodash/download/@types/lodash-4.14.92.tgz",
      "integrity": "sha1-bjywtxoeEhgKR6QqdE6FbDrpmlc="
    },
    "@types/node": {
      "version": "6.0.95",
      "resolved": "http://registry.npm.taobao.org/@types/node/download/@types/node-6.0.95.tgz",
      "integrity": "sha1-DQJ2Eqd8VbhEl/+QpKfVl+WsD6s=",
      "dev": true
    },
    "asap": {
      "version": "2.0.6",
      "resolved": "http://registry.npm.taobao.org/asap/download/asap-2.0.6.tgz",
      "integrity": "sha1-5QNHYR1+aQlDIIu9r+vLwvuGbUY=",
      "dev": true
    },
    "lodash": {
      "version": "4.17.4",
      "resolved": "http://registry.npm.taobao.org/lodash/download/lodash-4.17.4.tgz",
      "integrity": "sha1-eCA6TRwyiuHYbcpkYONptX9AVa4="
    },
    "promise": {
      "version": "8.0.1",
      "resolved": "http://registry.npm.taobao.org/promise/download/promise-8.0.1.tgz",
      "integrity": "sha1-5F1osAoXZHttpxG/he1u1HII9FA=",
      "dev": true,
      "requires": {
        "asap": "2.0.6"
      }
    },
    "rxjs": {
      "version": "5.5.6",
      "resolved": "http://registry.npm.taobao.org/rxjs/download/rxjs-5.5.6.tgz",
      "integrity": "sha1-4x+5bW/S/x/YS86orpwC0AcXnAI=",
      "requires": {
        "symbol-observable": "1.0.1"
      }
    },
    "symbol-observable": {
      "version": "1.0.1",
      "resolved": "http://registry.npm.taobao.org/symbol-observable/download/symbol-observable-1.0.1.tgz",
      "integrity": "sha1-g0D8RwLDEi310iKI+IKD9RPT/dQ="
    },
    "typescript-collections": {
      "version": "1.2.5",
      "resolved": "http://registry.npm.taobao.org/typescript-collections/download/typescript-collections-1.2.5.tgz",
      "integrity": "sha1-GSl48vQyFxIipSSGY/RdpKDfPxg="
    }
  }
}
